
Microsoft Visual Studio Solution File, Format Version 12.00
# Visual Studio 2015
Project("{FAE04EC0-301F-11D3-BF4B-00C04F79EFBC}") = "ecsrx.CSharp.Plugins", "ecsrx.CSharp.Plugins.csproj", "{6A07CCF8-7A6E-E533-327E-F5CDC090C878}"
EndProject
Project("{FAE04EC0-301F-11D3-BF4B-00C04F79EFBC}") = "ecsrx.CSharp", "ecsrx.CSharp.csproj", "{D93F76D6-3F68-BDC6-69B1-817C201D7002}"
EndProject
Project("{FAE04EC0-301F-11D3-BF4B-00C04F79EFBC}") = "ecsrx.CSharp.Editor", "ecsrx.CSharp.Editor.csproj", "{1ABFD785-017B-15AC-688B-B525886F48BF}"
EndProject
Global
	GlobalSection(SolutionConfigurationPlatforms) = preSolution
		Debug|Any CPU = Debug|Any CPU
		Release|Any CPU = Release|Any CPU
	EndGlobalSection
	GlobalSection(ProjectConfigurationPlatforms) = postSolution
		{6A07CCF8-7A6E-E533-327E-F5CDC090C878}.Debug|Any CPU.ActiveCfg = Debug|Any CPU
		{6A07CCF8-7A6E-E533-327E-F5CDC090C878}.Debug|Any CPU.Build.0 = Debug|Any CPU
		{6A07CCF8-7A6E-E533-327E-F5CDC090C878}.Release|Any CPU.ActiveCfg = Release|Any CPU
		{6A07CCF8-7A6E-E533-327E-F5CDC090C878}.Release|Any CPU.Build.0 = Release|Any CPU
		{D93F76D6-3F68-BDC6-69B1-817C201D7002}.Debug|Any CPU.ActiveCfg = Debug|Any CPU
		{D93F76D6-3F68-BDC6-69B1-817C201D7002}.Debug|Any CPU.Build.0 = Debug|Any CPU
		{D93F76D6-3F68-BDC6-69B1-817C201D7002}.Release|Any CPU.ActiveCfg = Release|Any CPU
		{D93F76D6-3F68-BDC6-69B1-817C201D7002}.Release|Any CPU.Build.0 = Release|Any CPU
		{1ABFD785-017B-15AC-688B-B525886F48BF}.Debug|Any CPU.ActiveCfg = Debug|Any CPU
		{1ABFD785-017B-15AC-688B-B525886F48BF}.Debug|Any CPU.Build.0 = Debug|Any CPU
		{1ABFD785-017B-15AC-688B-B525886F48BF}.Release|Any CPU.ActiveCfg = Release|Any CPU
		{1ABFD785-017B-15AC-688B-B525886F48BF}.Release|Any CPU.Build.0 = Release|Any CPU
	EndGlobalSection
	GlobalSection(SolutionProperties) = preSolution
		HideSolutionNode = FALSE
	EndGlobalSection
EndGlobal
